// !$*UTF8*$!
{
	archiveVersion = 1;
	classes = {
	};
	objectVersion = 55;
	objects = {

/* Begin PBXBuildFile section */
		CEEAFAE1284B4BDF009222DC /* AppDelegate.swift in Sources */ = {isa = PBXBuildFile; fileRef = CEEAFAE0284B4BDF009222DC /* AppDelegate.swift */; };
		CEEAFAE3284B4BDF009222DC /* SceneDelegate.swift in Sources */ = {isa = PBXBuildFile; fileRef = CEEAFAE2284B4BDF009222DC /* SceneDelegate.swift */; };
		CEEAFAE8284B4BDF009222DC /* Main.storyboard in Resources */ = {isa = PBXBuildFile; fileRef = CEEAFAE6284B4BDF009222DC /* Main.storyboard */; };
		CEEAFAEA284B4BE0009222DC /* Assets.xcassets in Resources */ = {isa = PBXBuildFile; fileRef = CEEAFAE9284B4BE0009222DC /* Assets.xcassets */; };
		CEEAFAED284B4BE0009222DC /* LaunchScreen.storyboard in Resources */ = {isa = PBXBuildFile; fileRef = CEEAFAEB284B4BE0009222DC /* LaunchScreen.storyboard */; };
		CEEAFAF5284B6147009222DC /* ChooseLangVC.swift in Sources */ = {isa = PBXBuildFile; fileRef = CEEAFAF4284B6147009222DC /* ChooseLangVC.swift */; };
		CEEAFAF7284B615A009222DC /* ChooseTypeVC.swift in Sources */ = {isa = PBXBuildFile; fileRef = CEEAFAF6284B615A009222DC /* ChooseTypeVC.swift */; };
		CEEAFAF9284B616E009222DC /* RegistrationVC.swift in Sources */ = {isa = PBXBuildFile; fileRef = CEEAFAF8284B616E009222DC /* RegistrationVC.swift */; };
		CEEAFAFB284B617C009222DC /* PasswordVC.swift in Sources */ = {isa = PBXBuildFile; fileRef = CEEAFAFA284B617C009222DC /* PasswordVC.swift */; };
		CEEAFAFD284B635E009222DC /* .gitignore in Resources */ = {isa = PBXBuildFile; fileRef = CEEAFAFC284B635E009222DC /* .gitignore */; };
/* End PBXBuildFile section */

/* Begin PBXFileReference section */
		CEEAFADD284B4BDF009222DC /* FM.app */ = {isa = PBXFileReference; explicitFileType = wrapper.application; includeInIndex = 0; path = FM.app; sourceTree = BUILT_PRODUCTS_DIR; };
		CEEAFAE0284B4BDF009222DC /* AppDelegate.swift */ = {isa = PBXFileReference; lastKnownFileType = sourcecode.swift; path = AppDelegate.swift; sourceTree = "<group>"; };
		CEEAFAE2284B4BDF009222DC /* SceneDelegate.swift */ = {isa = PBXFileReference; lastKnownFileType = sourcecode.swift; path = SceneDelegate.swift; sourceTree = "<group>"; };
		CEEAFAE7284B4BDF009222DC /* Base */ = {isa = PBXFileReference; lastKnownFileType = file.storyboard; name = Base; path = Base.lproj/Main.storyboard; sourceTree = "<group>"; };
		CEEAFAE9284B4BE0009222DC /* Assets.xcassets */ = {isa = PBXFileReference; lastKnownFileType = folder.assetcatalog; path = Assets.xcassets; sourceTree = "<group>"; };
		CEEAFAEC284B4BE0009222DC /* Base */ = {isa = PBXFileReference; lastKnownFileType = file.storyboard; name = Base; path = Base.lproj/LaunchScreen.storyboard; sourceTree = "<group>"; };
		CEEAFAEE284B4BE0009222DC /* Info.plist */ = {isa = PBXFileReference; lastKnownFileType = text.plist.xml; path = Info.plist; sourceTree = "<group>"; };
		CEEAFAF4284B6147009222DC /* ChooseLangVC.swift */ = {isa = PBXFileReference; lastKnownFileType = sourcecode.swift; path = ChooseLangVC.swift; sourceTree = "<group>"; };
		CEEAFAF6284B615A009222DC /* ChooseTypeVC.swift */ = {isa = PBXFileReference; lastKnownFileType = sourcecode.swift; path = ChooseTypeVC.swift; sourceTree = "<group>"; };
		CEEAFAF8284B616E009222DC /* RegistrationVC.swift */ = {isa = PBXFileReference; lastKnownFileType = sourcecode.swift; path = RegistrationVC.swift; sourceTree = "<group>"; };
		CEEAFAFA284B617C009222DC /* PasswordVC.swift */ = {isa = PBXFileReference; lastKnownFileType = sourcecode.swift; path = PasswordVC.swift; sourceTree = "<group>"; };
		CEEAFAFC284B635E009222DC /* .gitignore */ = {isa = PBXFileReference; lastKnownFileType = text; path = .gitignore; sourceTree = "<group>"; };
/* End PBXFileReference section */

/* Begin PBXFrameworksBuildPhase section */
		CEEAFADA284B4BDF009222DC /* Frameworks */ = {
			isa = PBXFrameworksBuildPhase;
			buildActionMask = 2147483647;
			files = (
			);
			runOnlyForDeploymentPostprocessing = 0;
		};
/* End PBXFrameworksBuildPhase section */

/* Begin PBXGroup section */
		CEEAFAD4284B4BDF009222DC = {
			isa = PBXGroup;
			children = (
				CEEAFADF284B4BDF009222DC /* FM */,
				CEEAFADE284B4BDF009222DC /* Products */,
			);
			sourceTree = "<group>";
		};
		CEEAFADE284B4BDF009222DC /* Products */ = {
			isa = PBXGroup;
			children = (
				CEEAFADD284B4BDF009222DC /* FM.app */,
			);
			name = Products;
			sourceTree = "<group>";
		};
		CEEAFADF284B4BDF009222DC /* FM */ = {
			isa = PBXGroup;
			children = (
				CEEAFAE0284B4BDF009222DC /* AppDelegate.swift */,
				CEEAFAE2284B4BDF009222DC /* SceneDelegate.swift */,
				CEEAFAE6284B4BDF009222DC /* Main.storyboard */,
				CEEAFAF4284B6147009222DC /* ChooseLangVC.swift */,
				CEEAFAF6284B615A009222DC /* ChooseTypeVC.swift */,
				CEEAFAF8284B616E009222DC /* RegistrationVC.swift */,
				CEEAFAFA284B617C009222DC /* PasswordVC.swift */,
				CEEAFAE9284B4BE0009222DC /* Assets.xcassets */,
				CEEAFAEB284B4BE0009222DC /* LaunchScreen.storyboard */,
				CEEAFAEE284B4BE0009222DC /* Info.plist */,
				CEEAFAFC284B635E009222DC /* .gitignore */,
			);
			path = FM;
			sourceTree = "<group>";
		};
/* End PBXGroup section */

/* Begin PBXNativeTarget section */
		CEEAFADC284B4BDF009222DC /* FM */ = {
			isa = PBXNativeTarget;
			buildConfigurationList = CEEAFAF1284B4BE0009222DC /* Build configuration list for PBXNativeTarget "FM" */;
			buildPhases = (
				CEEAFAD9284B4BDF009222DC /* Sources */,
				CEEAFADA284B4BDF009222DC /* Frameworks */,
				CEEAFADB284B4BDF009222DC /* Resources */,
			);
			buildRules = (
			);
			dependencies = (
			);
			name = FM;
			productName = FM;
			productReference = CEEAFADD284B4BDF009222DC /* FM.app */;
			productType = "com.apple.product-type.application";
		};
/* End PBXNativeTarget section */

/* Begin PBXProject section */
		CEEAFAD5284B4BDF009222DC /* Project object */ = {
			isa = PBXProject;
			attributes = {
				BuildIndependentTargetsInParallel = 1;
				LastSwiftUpdateCheck = 1320;
				LastUpgradeCheck = 1320;
				TargetAttributes = {
					CEEAFADC284B4BDF009222DC = {
						CreatedOnToolsVersion = 13.2.1;
					};
				};
			};
			buildConfigurationList = CEEAFAD8284B4BDF009222DC /* Build configuration list for PBXProject "FM" */;
			compatibilityVersion = "Xcode 13.0";
			developmentRegion = en;
			hasScannedForEncodings = 0;
			knownRegions = (
				en,
				Base,
			);
			mainGroup = CEEAFAD4284B4BDF009222DC;
			productRefGroup = CEEAFADE284B4BDF009222DC /* Products */;
			projectDirPath = "";
			projectRoot = "";
			targets = (
				CEEAFADC284B4BDF009222DC /* FM */,
			);
		};
/* End PBXProject section */

/* Begin PBXResourcesBuildPhase section */
		CEEAFADB284B4BDF009222DC /* Resources */ = {
			isa = PBXResourcesBuildPhase;
			buildActionMask = 2147483647;
			files = (
				CEEAFAFD284B635E009222DC /* .gitignore in Resources */,
				CEEAFAED284B4BE0009222DC /* LaunchScreen.storyboard in Resources */,
				CEEAFAEA284B4BE0009222DC /* Assets.xcassets in Resources */,
				CEEAFAE8284B4BDF009222DC /* Main.storyboard in Resources */,
			);
			runOnlyForDeploymentPostprocessing = 0;
		};
/* End PBXResourcesBuildPhase section */

/* Begin PBXSourcesBuildPhase section */
		CEEAFAD9284B4BDF009222DC /* Sources */ = {
			isa = PBXSourcesBuildPhase;
			buildActionMask = 2147483647;
			files = (
				CEEAFAF9284B616E009222DC /* RegistrationVC.swift in Sources */,
				CEEAFAF7284B615A009222DC /* ChooseTypeVC.swift in Sources */,
				CEEAFAE1284B4BDF009222DC /* AppDelegate.swift in Sources */,
				CEEAFAFB284B617C009222DC /* PasswordVC.swift in Sources */,
				CEEAFAE3284B4BDF009222DC /* SceneDelegate.swift in Sources */,
				CEEAFAF5284B6147009222DC /* ChooseLangVC.swift in Sources */,
			);
			runOnlyForDeploymentPostprocessing = 0;
		};
/* End PBXSourcesBuildPhase section */

/* Begin PBXVariantGroup section */
		CEEAFAE6284B4BDF009222DC /* Main.storyboard */ = {
			isa = PBXVariantGroup;
			children = (
				CEEAFAE7284B4BDF009222DC /* Base */,
			);
			name = Main.storyboard;
			sourceTree = "<group>";
		};
		CEEAFAEB284B4BE0009222DC /* LaunchScreen.storyboard */ = {
			isa = PBXVariantGroup;
			children = (
				CEEAFAEC284B4BE0009222DC /* Base */,
			);
			name = LaunchScreen.storyboard;
			sourceTree = "<group>";
		};
/* End PBXVariantGroup section */

/* Begin XCBuildConfiguration section */
		CEEAFAEF284B4BE0009222DC /* Debug */ = {
			isa = XCBuildConfiguration;
			buildSettings = {
				ALWAYS_SEARCH_USER_PATHS = NO;
				CLANG_ANALYZER_NONNULL = YES;
				CLANG_ANALYZER_NUMBER_OBJECT_CONVERSION = YES_AGGRESSIVE;
				CLANG_CXX_LANGUAGE_STANDARD = "gnu++17";
				CLANG_CXX_LIBRARY = "libc++";
				CLANG_ENABLE_MODULES = YES;
				CLANG_ENABLE_OBJC_ARC = YES;
				CLANG_ENABLE_OBJC_WEAK = YES;
				CLANG_WARN_BLOCK_CAPTURE_AUTORELEASING = YES;
				CLANG_WARN_BOOL_CONVERSION = YES;
				CLANG_WARN_COMMA = YES;
				CLANG_WARN_CONSTANT_CONVERSION = YES;
				CLANG_WARN_DEPRECATED_OBJC_IMPLEMENTATIONS = YES;
				CLANG_WARN_DIRECT_OBJC_ISA_USAGE = YES_ERROR;
				CLANG_WARN_DOCUMENTATION_COMMENTS = YES;
				CLANG_WARN_EMPTY_BODY = YES;
				CLANG_WARN_ENUM_CONVERSION = YES;
				CLANG_WARN_INFINITE_RECURSION = YES;
				CLANG_WARN_INT_CONVERSION = YES;
				CLANG_WARN_NON_LITERAL_NULL_CONVERSION = YES;
				CLANG_WARN_OBJC_IMPLICIT_RETAIN_SELF = YES;
				CLANG_WARN_OBJC_LITERAL_CONVERSION = YES;
				CLANG_WARN_OBJC_ROOT_CLASS = YES_ERROR;
				CLANG_WARN_QUOTED_INCLUDE_IN_FRAMEWORK_HEADER = YES;
				CLANG_WARN_RANGE_LOOP_ANALYSIS = YES;
				CLANG_WARN_STRICT_PROTOTYPES = YES;
				CLANG_WARN_SUSPICIOUS_MOVE = YES;
				CLANG_WARN_UNGUARDED_AVAILABILITY = YES_AGGRESSIVE;
				CLANG_WARN_UNREACHABLE_CODE = YES;
				CLANG_WARN__DUPLICATE_METHOD_MATCH = YES;
				COPY_PHASE_STRIP = NO;
				DEBUG_INFORMATION_FORMAT = dwarf;
				ENABLE_STRICT_OBJC_MSGSEND = YES;
				ENABLE_TESTABILITY = YES;
				GCC_C_LANGUAGE_STANDARD = gnu11;
				GCC_DYNAMIC_NO_PIC = NO;
				GCC_NO_COMMON_BLOCKS = YES;
				GCC_OPTIMIZATION_LEVEL = 0;
				GCC_PREPROCESSOR_DEFINITIONS = (
					"DEBUG=1",
					"$(inherited)",
				);
				GCC_WARN_64_TO_32_BIT_CONVERSION = YES;
				GCC_WARN_ABOUT_RETURN_TYPE = YES_ERROR;
				GCC_WARN_UNDECLARED_SELECTOR = YES;
				GCC_WARN_UNINITIALIZED_AUTOS = YES_AGGRESSIVE;
				GCC_WARN_UNUSED_FUNCTION = YES;
				GCC_WARN_UNUSED_VARIABLE = YES;
				IPHONEOS_DEPLOYMENT_TARGET = 15.2;
				MTL_ENABLE_DEBUG_INFO = INCLUDE_SOURCE;
				MTL_FAST_MATH = YES;
				ONLY_ACTIVE_ARCH = YES;
				SDKROOT = iphoneos;
				SWIFT_ACTIVE_COMPILATION_CONDITIONS = DEBUG;
				SWIFT_OPTIMIZATION_LEVEL = "-Onone";
			};
			name = Debug;
		};
		CEEAFAF0284B4BE0009222DC /* Release */ = {
			isa = XCBuildConfiguration;
			buildSettings = {
				ALWAYS_SEARCH_USER_PATHS = NO;
				CLANG_ANALYZER_NONNULL = YES;
				CLANG_ANALYZER_NUMBER_OBJECT_CONVERSION = YES_AGGRESSIVE;
				CLANG_CXX_LANGUAGE_STANDARD = "gnu++17";
				CLANG_CXX_LIBRARY = "libc++";
				CLANG_ENABLE_MODULES = YES;
				CLANG_ENABLE_OBJC_ARC = YES;
				CLANG_ENABLE_OBJC_WEAK = YES;
				CLANG_WARN_BLOCK_CAPTURE_AUTORELEASING = YES;
				CLANG_WARN_BOOL_CONVERSION = YES;
				CLANG_WARN_COMMA = YES;
				CLANG_WARN_CONSTANT_CONVERSION = YES;
				CLANG_WARN_DEPRECATED_OBJC_IMPLEMENTATIONS = YES;
				CLANG_WARN_DIRECT_OBJC_ISA_USAGE = YES_ERROR;
				CLANG_WARN_DOCUMENTATION_COMMENTS = YES;
				CLANG_WARN_EMPTY_BODY = YES;
				CLANG_WARN_ENUM_CONVERSION = YES;
				CLANG_WARN_INFINITE_RECURSION = YES;
				CLANG_WARN_INT_CONVERSION = YES;
				CLANG_WARN_NON_LITERAL_NULL_CONVERSION = YES;
				CLANG_WARN_OBJC_IMPLICIT_RETAIN_SELF = YES;
				CLANG_WARN_OBJC_LITERAL_CONVERSION = YES;
				CLANG_WARN_OBJC_ROOT_CLASS = YES_ERROR;
				CLANG_WARN_QUOTED_INCLUDE_IN_FRAMEWORK_HEADER = YES;
				CLANG_WARN_RANGE_LOOP_ANALYSIS = YES;
				CLANG_WARN_STRICT_PROTOTYPES = YES;
				CLANG_WARN_SUSPICIOUS_MOVE = YES;
				CLANG_WARN_UNGUARDED_AVAILABILITY = YES_AGGRESSIVE;
				CLANG_WARN_UNREACHABLE_CODE = YES;
				CLANG_WARN__DUPLICATE_METHOD_MATCH = YES;
				COPY_PHASE_STRIP = NO;
				DEBUG_INFORMATION_FORMAT = "dwarf-with-dsym";
				ENABLE_NS_ASSERTIONS = NO;
				ENABLE_STRICT_OBJC_MSGSEND = YES;
				GCC_C_LANGUAGE_STANDARD = gnu11;
				GCC_NO_COMMON_BLOCKS = YES;
				GCC_WARN_64_TO_32_BIT_CONVERSION = YES;
				GCC_WARN_ABOUT_RETURN_TYPE = YES_ERROR;
				GCC_WARN_UNDECLARED_SELECTOR = YES;
				GCC_WARN_UNINITIALIZED_AUTOS = YES_AGGRESSIVE;
				GCC_WARN_UNUSED_FUNCTION = YES;
				GCC_WARN_UNUSED_VARIABLE = YES;
				IPHONEOS_DEPLOYMENT_TARGET = 15.2;
				MTL_ENABLE_DEBUG_INFO = NO;
				MTL_FAST_MATH = YES;
				SDKROOT = iphoneos;
				SWIFT_COMPILATION_MODE = wholemodule;
				SWIFT_OPTIMIZATION_LEVEL = "-O";
				VALIDATE_PRODUCT = YES;
			};
			name = Release;
		};
		CEEAFAF2284B4BE0009222DC /* Debug */ = {
			isa = XCBuildConfiguration;
			buildSettings = {
				ASSETCATALOG_COMPILER_APPICON_NAME = AppIcon;
				ASSETCATALOG_COMPILER_GLOBAL_ACCENT_COLOR_NAME = AccentColor;
				CODE_SIGN_STYLE = Automatic;
				CURRENT_PROJECT_VERSION = 1;
				DEVELOPMENT_TEAM = PFJ2D3242U;
				GENERATE_INFOPLIST_FILE = YES;
				INFOPLIST_FILE = FM/Info.plist;
				INFOPLIST_KEY_UIApplicationSupportsIndirectInputEvents = YES;
				INFOPLIST_KEY_UILaunchStoryboardName = LaunchScreen;
				INFOPLIST_KEY_UIMainStoryboardFile = Main;
				INFOPLIST_KEY_UISupportedInterfaceOrientations_iPad = "UIInterfaceOrientationPortrait UIInterfaceOrientationPortraitUpsideDown UIInterfaceOrientationLandscapeLeft UIInterfaceOrientationLandscapeRight";
				INFOPLIST_KEY_UISupportedInterfaceOrientations_iPhone = "UIInterfaceOrientationPortrait UIInterfaceOrientationLandscapeLeft UIInterfaceOrientationLandscapeRight";
				LD_RUNPATH_SEARCH_PATHS = (
					"$(inherited)",
					"@executable_path/Frameworks",
				);
				MARKETING_VERSION = 1.0;
				PRODUCT_BUNDLE_IDENTIFIER = com.bekzod.FM;
				PRODUCT_NAME = "$(TARGET_NAME)";
				SWIFT_EMIT_LOC_STRINGS = YES;
				SWIFT_VERSION = 5.0;
				TARGETED_DEVICE_FAMILY = "1,2";
			};
			name = Debug;
		};
		CEEAFAF3284B4BE0009222DC /* Release */ = {
			isa = XCBuildConfiguration;
			buildSettings = {
				ASSETCATALOG_COMPILER_APPICON_NAME = AppIcon;
				ASSETCATALOG_COMPILER_GLOBAL_ACCENT_COLOR_NAME = AccentColor;
				CODE_SIGN_STYLE = Automatic;
				CURRENT_PROJECT_VERSION = 1;
				DEVELOPMENT_TEAM = PFJ2D3242U;
				GENERATE_INFOPLIST_FILE = YES;
				INFOPLIST_FILE = FM/Info.plist;
				INFOPLIST_KEY_UIApplicationSupportsIndirectInputEvents = YES;
				INFOPLIST_KEY_UILaunchStoryboardName = LaunchScreen;
				INFOPLIST_KEY_UIMainStoryboardFile = Main;
				INFOPLIST_KEY_UISupportedInterfaceOrientations_iPad = "UIInterfaceOrientationPortrait UIInterfaceOrientationPortraitUpsideDown UIInterfaceOrientationLandscapeLeft UIInterfaceOrientationLandscapeRight";
				INFOPLIST_KEY_UISupportedInterfaceOrientations_iPhone = "UIInterfaceOrientationPortrait UIInterfaceOrientationLandscapeLeft UIInterfaceOrientationLandscapeRight";
				LD_RUNPATH_SEARCH_PATHS = (
					"$(inherited)",
					"@executable_path/Frameworks",
				);
				MARKETING_VERSION = 1.0;
				PRODUCT_BUNDLE_IDENTIFIER = com.bekzod.FM;
				PRODUCT_NAME = "$(TARGET_NAME)";
				SWIFT_EMIT_LOC_STRINGS = YES;
				SWIFT_VERSION = 5.0;
				TARGETED_DEVICE_FAMILY = "1,2";
			};
			name = Release;
		};
/* End XCBuildConfiguration section */

/* Begin XCConfigurationList section */
		CEEAFAD8284B4BDF009222DC /* Build configuration list for PBXProject "FM" */ = {
			isa = XCConfigurationList;
			buildConfigurations = (
				CEEAFAEF284B4BE0009222DC /* Debug */,
				CEEAFAF0284B4BE0009222DC /* Release */,
			);
			defaultConfigurationIsVisible = 0;
			defaultConfigurationName = Release;
		};
		CEEAFAF1284B4BE0009222DC /* Build configuration list for PBXNativeTarget "FM" */ = {
			isa = XCConfigurationList;
			buildConfigurations = (
				CEEAFAF2284B4BE0009222DC /* Debug */,
				CEEAFAF3284B4BE0009222DC /* Release */,
			);
			defaultConfigurationIsVisible = 0;
			defaultConfigurationName = Release;
		};
/* End XCConfigurationList section */
	};
	rootObject = CEEAFAD5284B4BDF009222DC /* Project object */;
}
